
Microsoft Visual Studio Solution File, Format Version 12.00
# Visual Studio Version 17
VisualStudioVersion = 17.10.35027.167
MinimumVisualStudioVersion = 10.0.40219.1
Project("{FAE04EC0-301F-11D3-BF4B-00C04F79EFBC}") = "WebApplicationEstudiantes", "WebApplicationEstudiantes\WebApplicationEstudiantes.csproj", "{A2FFC8AE-620C-4FDB-9A0E-6DF6D64364E1}"
EndProject
Global
	GlobalSection(SolutionConfigurationPlatforms) = preSolution
		Debug|Any CPU = Debug|Any CPU
		Release|Any CPU = Release|Any CPU
	EndGlobalSection
	GlobalSection(ProjectConfigurationPlatforms) = postSolution
		{A2FFC8AE-620C-4FDB-9A0E-6DF6D64364E1}.Debug|Any CPU.ActiveCfg = Debug|Any CPU
		{A2FFC8AE-620C-4FDB-9A0E-6DF6D64364E1}.Debug|Any CPU.Build.0 = Debug|Any CPU
		{A2FFC8AE-620C-4FDB-9A0E-6DF6D64364E1}.Release|Any CPU.ActiveCfg = Release|Any CPU
		{A2FFC8AE-620C-4FDB-9A0E-6DF6D64364E1}.Release|Any CPU.Build.0 = Release|Any CPU
	EndGlobalSection
	GlobalSection(SolutionProperties) = preSolution
		HideSolutionNode = FALSE
	EndGlobalSection
	GlobalSection(ExtensibilityGlobals) = postSolution
		SolutionGuid = {BAE7BEAF-8CC9-4388-8825-500AF49D3473}
	EndGlobalSection
EndGlobal
